
Microsoft Visual Studio Solution File, Format Version 12.00
# Visual Studio Version 16
VisualStudioVersion = 16.0.29613.14
MinimumVisualStudioVersion = 10.0.40219.1
Project("{FAE04EC0-301F-11D3-BF4B-00C04F79EFBC}") = "WPSTORE.Android", "WPSTORE.Android\WPSTORE.Android.csproj", "{E5DAE12D-74A4-4107-90EF-ED27384FAC07}"
EndProject
Project("{FAE04EC0-301F-11D3-BF4B-00C04F79EFBC}") = "WPSTORE.iOS", "WPSTORE.iOS\WPSTORE.iOS.csproj", "{F3F07C18-E856-4D84-B0E7-FC0C61669C38}"
EndProject
Project("{9A19103F-16F7-4668-BE54-9A1E7A4F7556}") = "WPSTORE", "WPSTORE\WPSTORE.csproj", "{EB5FE5A6-030C-47EC-A461-9E4CF8CCA126}"
EndProject
Global
	GlobalSection(SolutionConfigurationPlatforms) = preSolution
		Debug|Any CPU = Debug|Any CPU
		Debug|iPhone = Debug|iPhone
		Debug|iPhoneSimulator = Debug|iPhoneSimulator
		Release|Any CPU = Release|Any CPU
		Release|iPhone = Release|iPhone
		Release|iPhoneSimulator = Release|iPhoneSimulator
	EndGlobalSection
	GlobalSection(ProjectConfigurationPlatforms) = postSolution
		{E5DAE12D-74A4-4107-90EF-ED27384FAC07}.Debug|Any CPU.ActiveCfg = Debug|Any CPU
		{E5DAE12D-74A4-4107-90EF-ED27384FAC07}.Debug|Any CPU.Build.0 = Debug|Any CPU
		{E5DAE12D-74A4-4107-90EF-ED27384FAC07}.Debug|Any CPU.Deploy.0 = Debug|Any CPU
		{E5DAE12D-74A4-4107-90EF-ED27384FAC07}.Debug|iPhone.ActiveCfg = Debug|Any CPU
		{E5DAE12D-74A4-4107-90EF-ED27384FAC07}.Debug|iPhone.Build.0 = Debug|Any CPU
		{E5DAE12D-74A4-4107-90EF-ED27384FAC07}.Debug|iPhone.Deploy.0 = Debug|Any CPU
		{E5DAE12D-74A4-4107-90EF-ED27384FAC07}.Debug|iPhoneSimulator.ActiveCfg = Debug|Any CPU
		{E5DAE12D-74A4-4107-90EF-ED27384FAC07}.Debug|iPhoneSimulator.Build.0 = Debug|Any CPU
		{E5DAE12D-74A4-4107-90EF-ED27384FAC07}.Debug|iPhoneSimulator.Deploy.0 = Debug|Any CPU
		{E5DAE12D-74A4-4107-90EF-ED27384FAC07}.Release|Any CPU.ActiveCfg = Release|Any CPU
		{E5DAE12D-74A4-4107-90EF-ED27384FAC07}.Release|Any CPU.Build.0 = Release|Any CPU
		{E5DAE12D-74A4-4107-90EF-ED27384FAC07}.Release|Any CPU.Deploy.0 = Release|Any CPU
		{E5DAE12D-74A4-4107-90EF-ED27384FAC07}.Release|iPhone.ActiveCfg = Release|Any CPU
		{E5DAE12D-74A4-4107-90EF-ED27384FAC07}.Release|iPhone.Build.0 = Release|Any CPU
		{E5DAE12D-74A4-4107-90EF-ED27384FAC07}.Release|iPhone.Deploy.0 = Release|Any CPU
		{E5DAE12D-74A4-4107-90EF-ED27384FAC07}.Release|iPhoneSimulator.ActiveCfg = Release|Any CPU
		{E5DAE12D-74A4-4107-90EF-ED27384FAC07}.Release|iPhoneSimulator.Build.0 = Release|Any CPU
		{E5DAE12D-74A4-4107-90EF-ED27384FAC07}.Release|iPhoneSimulator.Deploy.0 = Release|Any CPU
		{F3F07C18-E856-4D84-B0E7-FC0C61669C38}.Debug|Any CPU.ActiveCfg = Debug|iPhoneSimulator
		{F3F07C18-E856-4D84-B0E7-FC0C61669C38}.Debug|Any CPU.Build.0 = Debug|iPhoneSimulator
		{F3F07C18-E856-4D84-B0E7-FC0C61669C38}.Debug|Any CPU.Deploy.0 = Debug|iPhoneSimulator
		{F3F07C18-E856-4D84-B0E7-FC0C61669C38}.Debug|iPhone.ActiveCfg = Debug|iPhone
		{F3F07C18-E856-4D84-B0E7-FC0C61669C38}.Debug|iPhone.Build.0 = Debug|iPhone
		{F3F07C18-E856-4D84-B0E7-FC0C61669C38}.Debug|iPhone.Deploy.0 = Debug|iPhone
		{F3F07C18-E856-4D84-B0E7-FC0C61669C38}.Debug|iPhoneSimulator.ActiveCfg = Debug|iPhoneSimulator
		{F3F07C18-E856-4D84-B0E7-FC0C61669C38}.Debug|iPhoneSimulator.Build.0 = Debug|iPhoneSimulator
		{F3F07C18-E856-4D84-B0E7-FC0C61669C38}.Debug|iPhoneSimulator.Deploy.0 = Debug|iPhoneSimulator
		{F3F07C18-E856-4D84-B0E7-FC0C61669C38}.Release|Any CPU.ActiveCfg = Release|iPhone
		{F3F07C18-E856-4D84-B0E7-FC0C61669C38}.Release|Any CPU.Build.0 = Release|iPhone
		{F3F07C18-E856-4D84-B0E7-FC0C61669C38}.Release|Any CPU.Deploy.0 = Release|iPhone
		{F3F07C18-E856-4D84-B0E7-FC0C61669C38}.Release|iPhone.ActiveCfg = Release|iPhone
		{F3F07C18-E856-4D84-B0E7-FC0C61669C38}.Release|iPhone.Build.0 = Release|iPhone
		{F3F07C18-E856-4D84-B0E7-FC0C61669C38}.Release|iPhone.Deploy.0 = Release|iPhone
		{F3F07C18-E856-4D84-B0E7-FC0C61669C38}.Release|iPhoneSimulator.ActiveCfg = Release|iPhoneSimulator
		{F3F07C18-E856-4D84-B0E7-FC0C61669C38}.Release|iPhoneSimulator.Build.0 = Release|iPhoneSimulator
		{F3F07C18-E856-4D84-B0E7-FC0C61669C38}.Release|iPhoneSimulator.Deploy.0 = Release|iPhoneSimulator
		{EB5FE5A6-030C-47EC-A461-9E4CF8CCA126}.Debug|Any CPU.ActiveCfg = Debug|Any CPU
		{EB5FE5A6-030C-47EC-A461-9E4CF8CCA126}.Debug|Any CPU.Build.0 = Debug|Any CPU
		{EB5FE5A6-030C-47EC-A461-9E4CF8CCA126}.Debug|Any CPU.Deploy.0 = Debug|Any CPU
		{EB5FE5A6-030C-47EC-A461-9E4CF8CCA126}.Debug|iPhone.ActiveCfg = Debug|Any CPU
		{EB5FE5A6-030C-47EC-A461-9E4CF8CCA126}.Debug|iPhone.Build.0 = Debug|Any CPU
		{EB5FE5A6-030C-47EC-A461-9E4CF8CCA126}.Debug|iPhone.Deploy.0 = Debug|Any CPU
		{EB5FE5A6-030C-47EC-A461-9E4CF8CCA126}.Debug|iPhoneSimulator.ActiveCfg = Debug|Any CPU
		{EB5FE5A6-030C-47EC-A461-9E4CF8CCA126}.Debug|iPhoneSimulator.Build.0 = Debug|Any CPU
		{EB5FE5A6-030C-47EC-A461-9E4CF8CCA126}.Debug|iPhoneSimulator.Deploy.0 = Debug|Any CPU
		{EB5FE5A6-030C-47EC-A461-9E4CF8CCA126}.Release|Any CPU.ActiveCfg = Release|Any CPU
		{EB5FE5A6-030C-47EC-A461-9E4CF8CCA126}.Release|Any CPU.Build.0 = Release|Any CPU
		{EB5FE5A6-030C-47EC-A461-9E4CF8CCA126}.Release|Any CPU.Deploy.0 = Release|Any CPU
		{EB5FE5A6-030C-47EC-A461-9E4CF8CCA126}.Release|iPhone.ActiveCfg = Release|Any CPU
		{EB5FE5A6-030C-47EC-A461-9E4CF8CCA126}.Release|iPhone.Build.0 = Release|Any CPU
		{EB5FE5A6-030C-47EC-A461-9E4CF8CCA126}.Release|iPhone.Deploy.0 = Release|Any CPU
		{EB5FE5A6-030C-47EC-A461-9E4CF8CCA126}.Release|iPhoneSimulator.ActiveCfg = Release|Any CPU
		{EB5FE5A6-030C-47EC-A461-9E4CF8CCA126}.Release|iPhoneSimulator.Build.0 = Release|Any CPU
		{EB5FE5A6-030C-47EC-A461-9E4CF8CCA126}.Release|iPhoneSimulator.Deploy.0 = Release|Any CPU
	EndGlobalSection
	GlobalSection(SolutionProperties) = preSolution
		HideSolutionNode = FALSE
	EndGlobalSection
	GlobalSection(ExtensibilityGlobals) = postSolution
		SolutionGuid = {145B791D-F355-4980-85A7-2625F3158399}
	EndGlobalSection
EndGlobal
